{
  "name": "org-previewer",
  "version": "1.0.0",
  "lockfileVersion": 2,
  "requires": true,
  "packages": {
    "": {
      "name": "org-previewer",
      "version": "1.0.0",
      "license": "GPL-3.0-or-later",
      "dependencies": {
        "darkreader": "^4.9.34"
      }
    },
    "node_modules/darkreader": {
      "version": "4.9.58",
      "resolved": "https://registry.npmjs.org/darkreader/-/darkreader-4.9.58.tgz",
      "integrity": "sha512-D/JGoJqW3m2AWBLhO+Pev+eThfs+CwRT4bcLb/1zKjql2yVwG0lx8C2XRDdSVGHw4y11n26W7syWoBpUfuhMqQ==",
      "funding": {
        "type": "opencollective",
        "url": "https://opencollective.com/darkreader/donate"
      }
    }
  },
  "dependencies": {
    "darkreader": {
      "version": "4.9.58",
      "resolved": "https://registry.npmjs.org/darkreader/-/darkreader-4.9.58.tgz",
      "integrity": "sha512-D/JGoJqW3m2AWBLhO+Pev+eThfs+CwRT4bcLb/1zKjql2yVwG0lx8C2XRDdSVGHw4y11n26W7syWoBpUfuhMqQ=="
    }
  }
}
