{
  "name": "org-previewer",
  "version": "1.0.0",
  "lockfileVersion": 2,
  "requires": true,
  "packages": {
    "": {
      "name": "org-previewer",
      "version": "1.0.0",
      "license": "GPL-3.0-or-later",
      "dependencies": {
        "darkreader": "^4.9.34"
      }
    },
    "node_modules/darkreader": {
      "version": "4.9.51",
      "resolved": "https://registry.npmjs.org/darkreader/-/darkreader-4.9.51.tgz",
      "integrity": "sha512-GdvcCv8w6SEr7m9m8qEm7u55i5xPsfOahjRHPH33gTbG6KvJl/WXTK93MyVJRHRGtrgyapvrnC5fm2gYNbHQFQ==",
      "funding": {
        "type": "opencollective",
        "url": "https://opencollective.com/darkreader/donate"
      }
    }
  },
  "dependencies": {
    "darkreader": {
      "version": "4.9.51",
      "resolved": "https://registry.npmjs.org/darkreader/-/darkreader-4.9.51.tgz",
      "integrity": "sha512-GdvcCv8w6SEr7m9m8qEm7u55i5xPsfOahjRHPH33gTbG6KvJl/WXTK93MyVJRHRGtrgyapvrnC5fm2gYNbHQFQ=="
    }
  }
}
